{
  "name": "andon-evergreen-server",
  "version": "0.1.0",
  "lockfileVersion": 3,
  "requires": true,
  "packages": {
    "": {
      "name": "andon-evergreen-server",
      "version": "0.1.0",
      "dependencies": {
        "@prisma/client": "^6.19.0",
        "fastify": "^5.6.2"
      },
      "devDependencies": {
        "@types/node": "^24.10.1",
        "prisma": "^6.19.0",
        "tsx": "^4.21.0",
        "typescript": "^5.9.3"
      }
    }
  }
}
